<?xml version="1.0" encoding="UTF-8"?>
<CodeBlocks_project_file>
	<FileVersion major="1" minor="6"/>
	<Project>
		<Option title="renderer-go"/>
		<Option makefile_is_custom="1"/>
		<Option compiler="gcc"/>
		<Option virtualFolders="CMake Files\;"/>
		<Build>
			<Target title="all">
				<Option working_dir="/Users/jiangkang/MyProjects/renderer-dog"/>
				<Option type="4"/>
				<MakeCommands>
					<Build command="/usr/bin/make -j8 -f &quot;/Users/jiangkang/MyProjects/renderer-dog/Makefile&quot;  VERBOSE=1 all"/>
					<CompileFile command="/usr/bin/make -j8 -f &quot;/Users/jiangkang/MyProjects/renderer-dog/Makefile&quot;  VERBOSE=1 &quot;$file&quot;"/>
					<Clean command="/usr/bin/make -j8 -f &quot;/Users/jiangkang/MyProjects/renderer-dog/Makefile&quot;  VERBOSE=1 clean"/>
					<DistClean command="/usr/bin/make -j8 -f &quot;/Users/jiangkang/MyProjects/renderer-dog/Makefile&quot;  VERBOSE=1 clean"/>
				</MakeCommands>
			</Target>
			<Target title="rebuild_cache">
				<Option working_dir="/Users/jiangkang/MyProjects/renderer-dog"/>
				<Option type="4"/>
				<MakeCommands>
					<Build command="/usr/bin/make -j8 -f &quot;/Users/jiangkang/MyProjects/renderer-dog/Makefile&quot;  VERBOSE=1 rebuild_cache"/>
					<CompileFile command="/usr/bin/make -j8 -f &quot;/Users/jiangkang/MyProjects/renderer-dog/Makefile&quot;  VERBOSE=1 &quot;$file&quot;"/>
					<Clean command="/usr/bin/make -j8 -f &quot;/Users/jiangkang/MyProjects/renderer-dog/Makefile&quot;  VERBOSE=1 clean"/>
					<DistClean command="/usr/bin/make -j8 -f &quot;/Users/jiangkang/MyProjects/renderer-dog/Makefile&quot;  VERBOSE=1 clean"/>
				</MakeCommands>
			</Target>
			<Target title="edit_cache">
				<Option working_dir="/Users/jiangkang/MyProjects/renderer-dog"/>
				<Option type="4"/>
				<MakeCommands>
					<Build command="/usr/bin/make -j8 -f &quot;/Users/jiangkang/MyProjects/renderer-dog/Makefile&quot;  VERBOSE=1 edit_cache"/>
					<CompileFile command="/usr/bin/make -j8 -f &quot;/Users/jiangkang/MyProjects/renderer-dog/Makefile&quot;  VERBOSE=1 &quot;$file&quot;"/>
					<Clean command="/usr/bin/make -j8 -f &quot;/Users/jiangkang/MyProjects/renderer-dog/Makefile&quot;  VERBOSE=1 clean"/>
					<DistClean command="/usr/bin/make -j8 -f &quot;/Users/jiangkang/MyProjects/renderer-dog/Makefile&quot;  VERBOSE=1 clean"/>
				</MakeCommands>
			</Target>
			<Target title="renderer-go">
				<Option output="/Users/jiangkang/MyProjects/renderer-dog/renderer-go" prefix_auto="0" extension_auto="0"/>
				<Option working_dir="/Users/jiangkang/MyProjects/renderer-dog"/>
				<Option object_output="./"/>
				<Option type="1"/>
				<Option compiler="gcc"/>
				<Compiler>
					<Add directory="/Users/jiangkang/OpenProjects/skia/include"/>
					<Add directory="/Users/jiangkang/OpenProjects/skia/include/android"/>
					<Add directory="/Users/jiangkang/OpenProjects/skia/include/atlastext"/>
					<Add directory="/Users/jiangkang/OpenProjects/skia/include/c"/>
					<Add directory="/Users/jiangkang/OpenProjects/skia/include/codec"/>
					<Add directory="/Users/jiangkang/OpenProjects/skia/include/config"/>
					<Add directory="/Users/jiangkang/OpenProjects/skia/include/core"/>
					<Add directory="/Users/jiangkang/OpenProjects/skia/include/effects"/>
					<Add directory="/Users/jiangkang/OpenProjects/skia/include/encode"/>
					<Add directory="/Users/jiangkang/OpenProjects/skia/include/gpu"/>
					<Add directory="/Users/jiangkang/OpenProjects/skia/include/gpu/gl"/>
					<Add directory="/Users/jiangkang/OpenProjects/skia/include/gpu/mock"/>
					<Add directory="/Users/jiangkang/OpenProjects/skia/include/gpu/mtl"/>
					<Add directory="/Users/jiangkang/OpenProjects/skia/include/gpu/vk"/>
					<Add directory="/Users/jiangkang/OpenProjects/skia/include/pathops"/>
					<Add directory="/Users/jiangkang/OpenProjects/skia/include/ports"/>
					<Add directory="/Users/jiangkang/OpenProjects/skia/include/private"/>
					<Add directory="/Users/jiangkang/OpenProjects/skia/include/svg"/>
					<Add directory="/Users/jiangkang/OpenProjects/skia/include/utils"/>
					<Add directory="/Users/jiangkang/OpenProjects/skia/include/utils/mac"/>
					<Add directory="/Users/jiangkang/OpenProjects/skia/include/views"/>
					<Add directory="/usr/local/Cellar/sdl2/2.0.9/include"/>
					<Add directory="/Users/jiangkang/MyProjects/renderer-dog/include"/>
					<Add directory="/Applications/Xcode.app/Contents/Developer/Toolchains/XcodeDefault.xctoolchain/usr/include/c++/v1"/>
					<Add directory="/usr/local/include"/>
					<Add directory="/Applications/Xcode.app/Contents/Developer/Toolchains/XcodeDefault.xctoolchain/usr/lib/clang/10.0.0/include"/>
					<Add directory="/Applications/Xcode.app/Contents/Developer/Toolchains/XcodeDefault.xctoolchain/usr/include"/>
					<Add directory="/System/Library/Frameworks"/>
					<Add directory="/Library/Frameworks"/>
				</Compiler>
				<MakeCommands>
					<Build command="/usr/bin/make -j8 -f &quot;/Users/jiangkang/MyProjects/renderer-dog/Makefile&quot;  VERBOSE=1 renderer-go"/>
					<CompileFile command="/usr/bin/make -j8 -f &quot;/Users/jiangkang/MyProjects/renderer-dog/Makefile&quot;  VERBOSE=1 &quot;$file&quot;"/>
					<Clean command="/usr/bin/make -j8 -f &quot;/Users/jiangkang/MyProjects/renderer-dog/Makefile&quot;  VERBOSE=1 clean"/>
					<DistClean command="/usr/bin/make -j8 -f &quot;/Users/jiangkang/MyProjects/renderer-dog/Makefile&quot;  VERBOSE=1 clean"/>
				</MakeCommands>
			</Target>
			<Target title="renderer-go/fast">
				<Option output="/Users/jiangkang/MyProjects/renderer-dog/renderer-go" prefix_auto="0" extension_auto="0"/>
				<Option working_dir="/Users/jiangkang/MyProjects/renderer-dog"/>
				<Option object_output="./"/>
				<Option type="1"/>
				<Option compiler="gcc"/>
				<Compiler>
					<Add directory="/Users/jiangkang/OpenProjects/skia/include"/>
					<Add directory="/Users/jiangkang/OpenProjects/skia/include/android"/>
					<Add directory="/Users/jiangkang/OpenProjects/skia/include/atlastext"/>
					<Add directory="/Users/jiangkang/OpenProjects/skia/include/c"/>
					<Add directory="/Users/jiangkang/OpenProjects/skia/include/codec"/>
					<Add directory="/Users/jiangkang/OpenProjects/skia/include/config"/>
					<Add directory="/Users/jiangkang/OpenProjects/skia/include/core"/>
					<Add directory="/Users/jiangkang/OpenProjects/skia/include/effects"/>
					<Add directory="/Users/jiangkang/OpenProjects/skia/include/encode"/>
					<Add directory="/Users/jiangkang/OpenProjects/skia/include/gpu"/>
					<Add directory="/Users/jiangkang/OpenProjects/skia/include/gpu/gl"/>
					<Add directory="/Users/jiangkang/OpenProjects/skia/include/gpu/mock"/>
					<Add directory="/Users/jiangkang/OpenProjects/skia/include/gpu/mtl"/>
					<Add directory="/Users/jiangkang/OpenProjects/skia/include/gpu/vk"/>
					<Add directory="/Users/jiangkang/OpenProjects/skia/include/pathops"/>
					<Add directory="/Users/jiangkang/OpenProjects/skia/include/ports"/>
					<Add directory="/Users/jiangkang/OpenProjects/skia/include/private"/>
					<Add directory="/Users/jiangkang/OpenProjects/skia/include/svg"/>
					<Add directory="/Users/jiangkang/OpenProjects/skia/include/utils"/>
					<Add directory="/Users/jiangkang/OpenProjects/skia/include/utils/mac"/>
					<Add directory="/Users/jiangkang/OpenProjects/skia/include/views"/>
					<Add directory="/usr/local/Cellar/sdl2/2.0.9/include"/>
					<Add directory="/Users/jiangkang/MyProjects/renderer-dog/include"/>
					<Add directory="/Applications/Xcode.app/Contents/Developer/Toolchains/XcodeDefault.xctoolchain/usr/include/c++/v1"/>
					<Add directory="/usr/local/include"/>
					<Add directory="/Applications/Xcode.app/Contents/Developer/Toolchains/XcodeDefault.xctoolchain/usr/lib/clang/10.0.0/include"/>
					<Add directory="/Applications/Xcode.app/Contents/Developer/Toolchains/XcodeDefault.xctoolchain/usr/include"/>
					<Add directory="/System/Library/Frameworks"/>
					<Add directory="/Library/Frameworks"/>
				</Compiler>
				<MakeCommands>
					<Build command="/usr/bin/make -j8 -f &quot;/Users/jiangkang/MyProjects/renderer-dog/Makefile&quot;  VERBOSE=1 renderer-go/fast"/>
					<CompileFile command="/usr/bin/make -j8 -f &quot;/Users/jiangkang/MyProjects/renderer-dog/Makefile&quot;  VERBOSE=1 &quot;$file&quot;"/>
					<Clean command="/usr/bin/make -j8 -f &quot;/Users/jiangkang/MyProjects/renderer-dog/Makefile&quot;  VERBOSE=1 clean"/>
					<DistClean command="/usr/bin/make -j8 -f &quot;/Users/jiangkang/MyProjects/renderer-dog/Makefile&quot;  VERBOSE=1 clean"/>
				</MakeCommands>
			</Target>
		</Build>
		<Unit filename="/Users/jiangkang/MyProjects/renderer-dog/main.cpp">
			<Option target="renderer-go"/>
		</Unit>
		<Unit filename="/Users/jiangkang/MyProjects/renderer-dog/src/renderer.cpp">
			<Option target="renderer-go"/>
		</Unit>
		<Unit filename="/Users/jiangkang/MyProjects/renderer-dog/CMakeLists.txt">
			<Option virtualFolder="CMake Files\"/>
		</Unit>
	</Project>
</CodeBlocks_project_file>
